
Microsoft Visual Studio Solution File, Format Version 11.00
# Visual C# Express 2010
Project("{FAE04EC0-301F-11D3-BF4B-00C04F79EFBC}") = "Echo", "Echo\Echo.csproj", "{D400077A-54A7-4C89-BDD3-55A42517F599}"
EndProject
Project("{FAE04EC0-301F-11D3-BF4B-00C04F79EFBC}") = "Chrome4Net.Net35", "..\src\Chrome4Net.Net35.csproj", "{D8CFA0A3-1F44-4989-8284-4983B1008E50}"
EndProject
Project("{FAE04EC0-301F-11D3-BF4B-00C04F79EFBC}") = "RelayedEcho", "RelayedEcho\RelayedEcho.csproj", "{F4807B01-CD32-4454-B075-000709E26043}"
EndProject
Global
	GlobalSection(SolutionConfigurationPlatforms) = preSolution
		Debug|Any CPU = Debug|Any CPU
		Debug|Mixed Platforms = Debug|Mixed Platforms
		Debug|x86 = Debug|x86
		Release|Any CPU = Release|Any CPU
		Release|Mixed Platforms = Release|Mixed Platforms
		Release|x86 = Release|x86
	EndGlobalSection
	GlobalSection(ProjectConfigurationPlatforms) = postSolution
		{D400077A-54A7-4C89-BDD3-55A42517F599}.Debug|Any CPU.ActiveCfg = Debug|x86
		{D400077A-54A7-4C89-BDD3-55A42517F599}.Debug|Mixed Platforms.ActiveCfg = Debug|x86
		{D400077A-54A7-4C89-BDD3-55A42517F599}.Debug|Mixed Platforms.Build.0 = Debug|x86
		{D400077A-54A7-4C89-BDD3-55A42517F599}.Debug|x86.ActiveCfg = Debug|x86
		{D400077A-54A7-4C89-BDD3-55A42517F599}.Debug|x86.Build.0 = Debug|x86
		{D400077A-54A7-4C89-BDD3-55A42517F599}.Release|Any CPU.ActiveCfg = Release|x86
		{D400077A-54A7-4C89-BDD3-55A42517F599}.Release|Mixed Platforms.ActiveCfg = Release|x86
		{D400077A-54A7-4C89-BDD3-55A42517F599}.Release|Mixed Platforms.Build.0 = Release|x86
		{D400077A-54A7-4C89-BDD3-55A42517F599}.Release|x86.ActiveCfg = Release|x86
		{D400077A-54A7-4C89-BDD3-55A42517F599}.Release|x86.Build.0 = Release|x86
		{D8CFA0A3-1F44-4989-8284-4983B1008E50}.Debug|Any CPU.ActiveCfg = Debug|Any CPU
		{D8CFA0A3-1F44-4989-8284-4983B1008E50}.Debug|Any CPU.Build.0 = Debug|Any CPU
		{D8CFA0A3-1F44-4989-8284-4983B1008E50}.Debug|Mixed Platforms.ActiveCfg = Debug|Any CPU
		{D8CFA0A3-1F44-4989-8284-4983B1008E50}.Debug|Mixed Platforms.Build.0 = Debug|Any CPU
		{D8CFA0A3-1F44-4989-8284-4983B1008E50}.Debug|x86.ActiveCfg = Debug|Any CPU
		{D8CFA0A3-1F44-4989-8284-4983B1008E50}.Release|Any CPU.ActiveCfg = Release|Any CPU
		{D8CFA0A3-1F44-4989-8284-4983B1008E50}.Release|Any CPU.Build.0 = Release|Any CPU
		{D8CFA0A3-1F44-4989-8284-4983B1008E50}.Release|Mixed Platforms.ActiveCfg = Release|Any CPU
		{D8CFA0A3-1F44-4989-8284-4983B1008E50}.Release|Mixed Platforms.Build.0 = Release|Any CPU
		{D8CFA0A3-1F44-4989-8284-4983B1008E50}.Release|x86.ActiveCfg = Release|Any CPU
		{F4807B01-CD32-4454-B075-000709E26043}.Debug|Any CPU.ActiveCfg = Debug|x86
		{F4807B01-CD32-4454-B075-000709E26043}.Debug|Mixed Platforms.ActiveCfg = Debug|x86
		{F4807B01-CD32-4454-B075-000709E26043}.Debug|Mixed Platforms.Build.0 = Debug|x86
		{F4807B01-CD32-4454-B075-000709E26043}.Debug|x86.ActiveCfg = Debug|x86
		{F4807B01-CD32-4454-B075-000709E26043}.Debug|x86.Build.0 = Debug|x86
		{F4807B01-CD32-4454-B075-000709E26043}.Release|Any CPU.ActiveCfg = Release|x86
		{F4807B01-CD32-4454-B075-000709E26043}.Release|Mixed Platforms.ActiveCfg = Release|x86
		{F4807B01-CD32-4454-B075-000709E26043}.Release|Mixed Platforms.Build.0 = Release|x86
		{F4807B01-CD32-4454-B075-000709E26043}.Release|x86.ActiveCfg = Release|x86
		{F4807B01-CD32-4454-B075-000709E26043}.Release|x86.Build.0 = Release|x86
	EndGlobalSection
	GlobalSection(SolutionProperties) = preSolution
		HideSolutionNode = FALSE
	EndGlobalSection
EndGlobal
