
Microsoft Visual Studio Solution File, Format Version 11.00
# Visual C# Express 2010
Project("{FAE04EC0-301F-11D3-BF4B-00C04F79EFBC}") = "Chrome4Net.Net35", "..\src\Chrome4Net.Net35.csproj", "{D8CFA0A3-1F44-4989-8284-4983B1008E50}"
EndProject
Project("{FAE04EC0-301F-11D3-BF4B-00C04F79EFBC}") = "TwainScan", "TwainScan\TwainScan.csproj", "{A0ADCF19-DA90-4F03-8C55-A95C4CE5A735}"
EndProject
Project("{FAE04EC0-301F-11D3-BF4B-00C04F79EFBC}") = "TwainDotNet", "TwainDotNet\TwainDotNet.csproj", "{857B8891-2932-484D-A9A8-D38B47108CF0}"
EndProject
Project("{FAE04EC0-301F-11D3-BF4B-00C04F79EFBC}") = "TwainDotNet.WinForms", "TwainDotNet.WinForms\TwainDotNet.WinForms.csproj", "{715EED8D-94FE-40ED-B3F7-59284FA6242B}"
EndProject
Global
	GlobalSection(SolutionConfigurationPlatforms) = preSolution
		Debug|Any CPU = Debug|Any CPU
		Debug|Mixed Platforms = Debug|Mixed Platforms
		Debug|x86 = Debug|x86
		Release|Any CPU = Release|Any CPU
		Release|Mixed Platforms = Release|Mixed Platforms
		Release|x86 = Release|x86
	EndGlobalSection
	GlobalSection(ProjectConfigurationPlatforms) = postSolution
		{D8CFA0A3-1F44-4989-8284-4983B1008E50}.Debug|Any CPU.ActiveCfg = Debug|Any CPU
		{D8CFA0A3-1F44-4989-8284-4983B1008E50}.Debug|Any CPU.Build.0 = Debug|Any CPU
		{D8CFA0A3-1F44-4989-8284-4983B1008E50}.Debug|Mixed Platforms.ActiveCfg = Debug|Any CPU
		{D8CFA0A3-1F44-4989-8284-4983B1008E50}.Debug|Mixed Platforms.Build.0 = Debug|Any CPU
		{D8CFA0A3-1F44-4989-8284-4983B1008E50}.Debug|x86.ActiveCfg = Debug|Any CPU
		{D8CFA0A3-1F44-4989-8284-4983B1008E50}.Release|Any CPU.ActiveCfg = Release|Any CPU
		{D8CFA0A3-1F44-4989-8284-4983B1008E50}.Release|Any CPU.Build.0 = Release|Any CPU
		{D8CFA0A3-1F44-4989-8284-4983B1008E50}.Release|Mixed Platforms.ActiveCfg = Release|Any CPU
		{D8CFA0A3-1F44-4989-8284-4983B1008E50}.Release|Mixed Platforms.Build.0 = Release|Any CPU
		{D8CFA0A3-1F44-4989-8284-4983B1008E50}.Release|x86.ActiveCfg = Release|Any CPU
		{A0ADCF19-DA90-4F03-8C55-A95C4CE5A735}.Debug|Any CPU.ActiveCfg = Debug|x86
		{A0ADCF19-DA90-4F03-8C55-A95C4CE5A735}.Debug|Mixed Platforms.ActiveCfg = Debug|x86
		{A0ADCF19-DA90-4F03-8C55-A95C4CE5A735}.Debug|Mixed Platforms.Build.0 = Debug|x86
		{A0ADCF19-DA90-4F03-8C55-A95C4CE5A735}.Debug|x86.ActiveCfg = Debug|x86
		{A0ADCF19-DA90-4F03-8C55-A95C4CE5A735}.Debug|x86.Build.0 = Debug|x86
		{A0ADCF19-DA90-4F03-8C55-A95C4CE5A735}.Release|Any CPU.ActiveCfg = Release|x86
		{A0ADCF19-DA90-4F03-8C55-A95C4CE5A735}.Release|Mixed Platforms.ActiveCfg = Release|x86
		{A0ADCF19-DA90-4F03-8C55-A95C4CE5A735}.Release|Mixed Platforms.Build.0 = Release|x86
		{A0ADCF19-DA90-4F03-8C55-A95C4CE5A735}.Release|x86.ActiveCfg = Release|x86
		{A0ADCF19-DA90-4F03-8C55-A95C4CE5A735}.Release|x86.Build.0 = Release|x86
		{857B8891-2932-484D-A9A8-D38B47108CF0}.Debug|Any CPU.ActiveCfg = Debug|Any CPU
		{857B8891-2932-484D-A9A8-D38B47108CF0}.Debug|Any CPU.Build.0 = Debug|Any CPU
		{857B8891-2932-484D-A9A8-D38B47108CF0}.Debug|Mixed Platforms.ActiveCfg = Debug|Any CPU
		{857B8891-2932-484D-A9A8-D38B47108CF0}.Debug|Mixed Platforms.Build.0 = Debug|Any CPU
		{857B8891-2932-484D-A9A8-D38B47108CF0}.Debug|x86.ActiveCfg = Debug|Any CPU
		{857B8891-2932-484D-A9A8-D38B47108CF0}.Release|Any CPU.ActiveCfg = Release|Any CPU
		{857B8891-2932-484D-A9A8-D38B47108CF0}.Release|Any CPU.Build.0 = Release|Any CPU
		{857B8891-2932-484D-A9A8-D38B47108CF0}.Release|Mixed Platforms.ActiveCfg = Release|Any CPU
		{857B8891-2932-484D-A9A8-D38B47108CF0}.Release|Mixed Platforms.Build.0 = Release|Any CPU
		{857B8891-2932-484D-A9A8-D38B47108CF0}.Release|x86.ActiveCfg = Release|Any CPU
		{715EED8D-94FE-40ED-B3F7-59284FA6242B}.Debug|Any CPU.ActiveCfg = Debug|Any CPU
		{715EED8D-94FE-40ED-B3F7-59284FA6242B}.Debug|Any CPU.Build.0 = Debug|Any CPU
		{715EED8D-94FE-40ED-B3F7-59284FA6242B}.Debug|Mixed Platforms.ActiveCfg = Debug|Any CPU
		{715EED8D-94FE-40ED-B3F7-59284FA6242B}.Debug|Mixed Platforms.Build.0 = Debug|Any CPU
		{715EED8D-94FE-40ED-B3F7-59284FA6242B}.Debug|x86.ActiveCfg = Debug|Any CPU
		{715EED8D-94FE-40ED-B3F7-59284FA6242B}.Release|Any CPU.ActiveCfg = Release|Any CPU
		{715EED8D-94FE-40ED-B3F7-59284FA6242B}.Release|Any CPU.Build.0 = Release|Any CPU
		{715EED8D-94FE-40ED-B3F7-59284FA6242B}.Release|Mixed Platforms.ActiveCfg = Release|Any CPU
		{715EED8D-94FE-40ED-B3F7-59284FA6242B}.Release|Mixed Platforms.Build.0 = Release|Any CPU
		{715EED8D-94FE-40ED-B3F7-59284FA6242B}.Release|x86.ActiveCfg = Release|Any CPU
	EndGlobalSection
	GlobalSection(SolutionProperties) = preSolution
		HideSolutionNode = FALSE
	EndGlobalSection
EndGlobal
