
Microsoft Visual Studio Solution File, Format Version 11.00
# Visual C# Express 2010
Project("{FAE04EC0-301F-11D3-BF4B-00C04F79EFBC}") = "Chrome4Net.Net35", "Chrome4Net.Net35.csproj", "{D8CFA0A3-1F44-4989-8284-4983B1008E50}"
EndProject
Global
	GlobalSection(SolutionConfigurationPlatforms) = preSolution
		Debug|Any CPU = Debug|Any CPU
		Release|Any CPU = Release|Any CPU
	EndGlobalSection
	GlobalSection(ProjectConfigurationPlatforms) = postSolution
		{D8CFA0A3-1F44-4989-8284-4983B1008E50}.Debug|Any CPU.ActiveCfg = Debug|Any CPU
		{D8CFA0A3-1F44-4989-8284-4983B1008E50}.Debug|Any CPU.Build.0 = Debug|Any CPU
		{D8CFA0A3-1F44-4989-8284-4983B1008E50}.Release|Any CPU.ActiveCfg = Release|Any CPU
		{D8CFA0A3-1F44-4989-8284-4983B1008E50}.Release|Any CPU.Build.0 = Release|Any CPU
	EndGlobalSection
	GlobalSection(SolutionProperties) = preSolution
		HideSolutionNode = FALSE
	EndGlobalSection
EndGlobal
